
Microsoft Visual Studio Solution File, Format Version 12.00
# Visual Studio Version 16
VisualStudioVersion = 16.0.30907.101
MinimumVisualStudioVersion = 10.0.40219.1
Project("{FAE04EC0-301F-11D3-BF4B-00C04F79EFBC}") = "CorpusCallosum for .Net Framework", "DotNetFramework\CorpusCallosum for .Net Framework.csproj", "{4C7D512D-3F39-4DED-8F1E-51E9E77D7F63}"
EndProject
Project("{D954291E-2A0B-460D-934E-DC6B0785DB48}") = "Shared", "Shared\Shared.shproj", "{06B6CCFB-0CB4-4E2E-9F15-EACB9B15346A}"
EndProject
Project("{9A19103F-16F7-4668-BE54-9A1E7A4F7556}") = "CorpusCallosum for UWP 10.0.10240", "Uwp\10.0.10240\CorpusCallosum for UWP 10.0.10240.csproj", "{1C1FDDB1-CDE9-46A6-AC6F-ABB8026D7873}"
EndProject
Project("{9A19103F-16F7-4668-BE54-9A1E7A4F7556}") = "CorpusCallosum for UWP 10.0.16299", "Uwp\10.0.16299\CorpusCallosum for UWP 10.0.16299.csproj", "{E2FA348E-4043-433B-91F0-55FBD136FE09}"
EndProject
Project("{2150E333-8FDC-42A3-9474-1A3956D46DE8}") = "Tests", "Tests", "{3CE92C79-62AB-4A15-A325-CADC2761CC6B}"
EndProject
Project("{FAE04EC0-301F-11D3-BF4B-00C04F79EFBC}") = "Tests for .Net Framework 4.6", "Tests\DotNetFramework\Tests for .Net Framework 4.6.csproj", "{EA6A4DF1-2181-471D-9965-AE2C896390CA}"
EndProject
Project("{FAE04EC0-301F-11D3-BF4B-00C04F79EFBC}") = "Tests for UWP 10.0.10240", "Tests\UWP 10.0.10240\Tests for UWP 10.0.10240.csproj", "{93017975-F458-4FE4-BA1E-82910815180B}"
EndProject
Project("{FAE04EC0-301F-11D3-BF4B-00C04F79EFBC}") = "Tests for UWP 10.0.16299", "Tests\UWP 10.0.16299\Tests for UWP 10.0.16299.csproj", "{4A8559E8-544D-4833-BED0-50FCBE45BD86}"
EndProject
Project("{FAE04EC0-301F-11D3-BF4B-00C04F79EFBC}") = "CorpusCallosum.WinRT for UWP 10.0.10240", "Uwp\WinRT 10.0.10240\CorpusCallosum.WinRT for UWP 10.0.10240.csproj", "{6DED0AEE-027A-4661-A2B1-02AD0D196E64}"
EndProject
Project("{FAE04EC0-301F-11D3-BF4B-00C04F79EFBC}") = "CorpusCallosum.WinRT for UWP 10.0.16299", "Uwp\WinRT 10.0.16299\CorpusCallosum.WinRT for UWP 10.0.16299.csproj", "{870A0FCB-08A5-4588-AC3B-8F57C0AF3A6C}"
EndProject
Global
	GlobalSection(SharedMSBuildProjectFiles) = preSolution
		Shared\Shared.projitems*{06b6ccfb-0cb4-4e2e-9f15-eacb9b15346a}*SharedItemsImports = 13
		Shared\Shared.projitems*{1c1fddb1-cde9-46a6-ac6f-abb8026d7873}*SharedItemsImports = 5
		Shared\Shared.projitems*{4c7d512d-3f39-4ded-8f1e-51e9e77d7f63}*SharedItemsImports = 4
		Shared\Shared.projitems*{e2fa348e-4043-433b-91f0-55fbd136fe09}*SharedItemsImports = 5
	EndGlobalSection
	GlobalSection(SolutionConfigurationPlatforms) = preSolution
		Debug|Any CPU = Debug|Any CPU
		Debug|ARM = Debug|ARM
		Debug|ARM64 = Debug|ARM64
		Debug|x64 = Debug|x64
		Debug|x86 = Debug|x86
		Release|Any CPU = Release|Any CPU
		Release|ARM = Release|ARM
		Release|ARM64 = Release|ARM64
		Release|x64 = Release|x64
		Release|x86 = Release|x86
	EndGlobalSection
	GlobalSection(ProjectConfigurationPlatforms) = postSolution
		{4C7D512D-3F39-4DED-8F1E-51E9E77D7F63}.Debug|Any CPU.ActiveCfg = Debug|Any CPU
		{4C7D512D-3F39-4DED-8F1E-51E9E77D7F63}.Debug|Any CPU.Build.0 = Debug|Any CPU
		{4C7D512D-3F39-4DED-8F1E-51E9E77D7F63}.Debug|ARM.ActiveCfg = Debug|Any CPU
		{4C7D512D-3F39-4DED-8F1E-51E9E77D7F63}.Debug|ARM.Build.0 = Debug|Any CPU
		{4C7D512D-3F39-4DED-8F1E-51E9E77D7F63}.Debug|ARM64.ActiveCfg = Debug|Any CPU
		{4C7D512D-3F39-4DED-8F1E-51E9E77D7F63}.Debug|ARM64.Build.0 = Debug|Any CPU
		{4C7D512D-3F39-4DED-8F1E-51E9E77D7F63}.Debug|x64.ActiveCfg = Debug|Any CPU
		{4C7D512D-3F39-4DED-8F1E-51E9E77D7F63}.Debug|x64.Build.0 = Debug|Any CPU
		{4C7D512D-3F39-4DED-8F1E-51E9E77D7F63}.Debug|x86.ActiveCfg = Debug|Any CPU
		{4C7D512D-3F39-4DED-8F1E-51E9E77D7F63}.Debug|x86.Build.0 = Debug|Any CPU
		{4C7D512D-3F39-4DED-8F1E-51E9E77D7F63}.Release|Any CPU.ActiveCfg = Release|Any CPU
		{4C7D512D-3F39-4DED-8F1E-51E9E77D7F63}.Release|Any CPU.Build.0 = Release|Any CPU
		{4C7D512D-3F39-4DED-8F1E-51E9E77D7F63}.Release|ARM.ActiveCfg = Release|Any CPU
		{4C7D512D-3F39-4DED-8F1E-51E9E77D7F63}.Release|ARM.Build.0 = Release|Any CPU
		{4C7D512D-3F39-4DED-8F1E-51E9E77D7F63}.Release|ARM64.ActiveCfg = Release|Any CPU
		{4C7D512D-3F39-4DED-8F1E-51E9E77D7F63}.Release|ARM64.Build.0 = Release|Any CPU
		{4C7D512D-3F39-4DED-8F1E-51E9E77D7F63}.Release|x64.ActiveCfg = Release|Any CPU
		{4C7D512D-3F39-4DED-8F1E-51E9E77D7F63}.Release|x64.Build.0 = Release|Any CPU
		{4C7D512D-3F39-4DED-8F1E-51E9E77D7F63}.Release|x86.ActiveCfg = Release|Any CPU
		{4C7D512D-3F39-4DED-8F1E-51E9E77D7F63}.Release|x86.Build.0 = Release|Any CPU
		{1C1FDDB1-CDE9-46A6-AC6F-ABB8026D7873}.Debug|Any CPU.ActiveCfg = Debug|Any CPU
		{1C1FDDB1-CDE9-46A6-AC6F-ABB8026D7873}.Debug|Any CPU.Build.0 = Debug|Any CPU
		{1C1FDDB1-CDE9-46A6-AC6F-ABB8026D7873}.Debug|ARM.ActiveCfg = Debug|Any CPU
		{1C1FDDB1-CDE9-46A6-AC6F-ABB8026D7873}.Debug|ARM.Build.0 = Debug|Any CPU
		{1C1FDDB1-CDE9-46A6-AC6F-ABB8026D7873}.Debug|ARM64.ActiveCfg = Debug|Any CPU
		{1C1FDDB1-CDE9-46A6-AC6F-ABB8026D7873}.Debug|ARM64.Build.0 = Debug|Any CPU
		{1C1FDDB1-CDE9-46A6-AC6F-ABB8026D7873}.Debug|x64.ActiveCfg = Debug|Any CPU
		{1C1FDDB1-CDE9-46A6-AC6F-ABB8026D7873}.Debug|x64.Build.0 = Debug|Any CPU
		{1C1FDDB1-CDE9-46A6-AC6F-ABB8026D7873}.Debug|x86.ActiveCfg = Debug|Any CPU
		{1C1FDDB1-CDE9-46A6-AC6F-ABB8026D7873}.Debug|x86.Build.0 = Debug|Any CPU
		{1C1FDDB1-CDE9-46A6-AC6F-ABB8026D7873}.Release|Any CPU.ActiveCfg = Release|Any CPU
		{1C1FDDB1-CDE9-46A6-AC6F-ABB8026D7873}.Release|Any CPU.Build.0 = Release|Any CPU
		{1C1FDDB1-CDE9-46A6-AC6F-ABB8026D7873}.Release|ARM.ActiveCfg = Release|Any CPU
		{1C1FDDB1-CDE9-46A6-AC6F-ABB8026D7873}.Release|ARM.Build.0 = Release|Any CPU
		{1C1FDDB1-CDE9-46A6-AC6F-ABB8026D7873}.Release|ARM64.ActiveCfg = Release|Any CPU
		{1C1FDDB1-CDE9-46A6-AC6F-ABB8026D7873}.Release|ARM64.Build.0 = Release|Any CPU
		{1C1FDDB1-CDE9-46A6-AC6F-ABB8026D7873}.Release|x64.ActiveCfg = Release|Any CPU
		{1C1FDDB1-CDE9-46A6-AC6F-ABB8026D7873}.Release|x64.Build.0 = Release|Any CPU
		{1C1FDDB1-CDE9-46A6-AC6F-ABB8026D7873}.Release|x86.ActiveCfg = Release|Any CPU
		{1C1FDDB1-CDE9-46A6-AC6F-ABB8026D7873}.Release|x86.Build.0 = Release|Any CPU
		{E2FA348E-4043-433B-91F0-55FBD136FE09}.Debug|Any CPU.ActiveCfg = Debug|Any CPU
		{E2FA348E-4043-433B-91F0-55FBD136FE09}.Debug|Any CPU.Build.0 = Debug|Any CPU
		{E2FA348E-4043-433B-91F0-55FBD136FE09}.Debug|ARM.ActiveCfg = Debug|Any CPU
		{E2FA348E-4043-433B-91F0-55FBD136FE09}.Debug|ARM.Build.0 = Debug|Any CPU
		{E2FA348E-4043-433B-91F0-55FBD136FE09}.Debug|ARM64.ActiveCfg = Debug|Any CPU
		{E2FA348E-4043-433B-91F0-55FBD136FE09}.Debug|ARM64.Build.0 = Debug|Any CPU
		{E2FA348E-4043-433B-91F0-55FBD136FE09}.Debug|x64.ActiveCfg = Debug|Any CPU
		{E2FA348E-4043-433B-91F0-55FBD136FE09}.Debug|x64.Build.0 = Debug|Any CPU
		{E2FA348E-4043-433B-91F0-55FBD136FE09}.Debug|x86.ActiveCfg = Debug|Any CPU
		{E2FA348E-4043-433B-91F0-55FBD136FE09}.Debug|x86.Build.0 = Debug|Any CPU
		{E2FA348E-4043-433B-91F0-55FBD136FE09}.Release|Any CPU.ActiveCfg = Release|Any CPU
		{E2FA348E-4043-433B-91F0-55FBD136FE09}.Release|Any CPU.Build.0 = Release|Any CPU
		{E2FA348E-4043-433B-91F0-55FBD136FE09}.Release|ARM.ActiveCfg = Release|Any CPU
		{E2FA348E-4043-433B-91F0-55FBD136FE09}.Release|ARM.Build.0 = Release|Any CPU
		{E2FA348E-4043-433B-91F0-55FBD136FE09}.Release|ARM64.ActiveCfg = Release|Any CPU
		{E2FA348E-4043-433B-91F0-55FBD136FE09}.Release|ARM64.Build.0 = Release|Any CPU
		{E2FA348E-4043-433B-91F0-55FBD136FE09}.Release|x64.ActiveCfg = Release|Any CPU
		{E2FA348E-4043-433B-91F0-55FBD136FE09}.Release|x64.Build.0 = Release|Any CPU
		{E2FA348E-4043-433B-91F0-55FBD136FE09}.Release|x86.ActiveCfg = Release|Any CPU
		{E2FA348E-4043-433B-91F0-55FBD136FE09}.Release|x86.Build.0 = Release|Any CPU
		{EA6A4DF1-2181-471D-9965-AE2C896390CA}.Debug|Any CPU.ActiveCfg = Debug|Any CPU
		{EA6A4DF1-2181-471D-9965-AE2C896390CA}.Debug|Any CPU.Build.0 = Debug|Any CPU
		{EA6A4DF1-2181-471D-9965-AE2C896390CA}.Debug|ARM.ActiveCfg = Debug|Any CPU
		{EA6A4DF1-2181-471D-9965-AE2C896390CA}.Debug|ARM.Build.0 = Debug|Any CPU
		{EA6A4DF1-2181-471D-9965-AE2C896390CA}.Debug|ARM64.ActiveCfg = Debug|Any CPU
		{EA6A4DF1-2181-471D-9965-AE2C896390CA}.Debug|ARM64.Build.0 = Debug|Any CPU
		{EA6A4DF1-2181-471D-9965-AE2C896390CA}.Debug|x64.ActiveCfg = Debug|Any CPU
		{EA6A4DF1-2181-471D-9965-AE2C896390CA}.Debug|x64.Build.0 = Debug|Any CPU
		{EA6A4DF1-2181-471D-9965-AE2C896390CA}.Debug|x86.ActiveCfg = Debug|Any CPU
		{EA6A4DF1-2181-471D-9965-AE2C896390CA}.Debug|x86.Build.0 = Debug|Any CPU
		{EA6A4DF1-2181-471D-9965-AE2C896390CA}.Release|Any CPU.ActiveCfg = Release|Any CPU
		{EA6A4DF1-2181-471D-9965-AE2C896390CA}.Release|Any CPU.Build.0 = Release|Any CPU
		{EA6A4DF1-2181-471D-9965-AE2C896390CA}.Release|ARM.ActiveCfg = Release|Any CPU
		{EA6A4DF1-2181-471D-9965-AE2C896390CA}.Release|ARM.Build.0 = Release|Any CPU
		{EA6A4DF1-2181-471D-9965-AE2C896390CA}.Release|ARM64.ActiveCfg = Release|Any CPU
		{EA6A4DF1-2181-471D-9965-AE2C896390CA}.Release|ARM64.Build.0 = Release|Any CPU
		{EA6A4DF1-2181-471D-9965-AE2C896390CA}.Release|x64.ActiveCfg = Release|Any CPU
		{EA6A4DF1-2181-471D-9965-AE2C896390CA}.Release|x64.Build.0 = Release|Any CPU
		{EA6A4DF1-2181-471D-9965-AE2C896390CA}.Release|x86.ActiveCfg = Release|Any CPU
		{EA6A4DF1-2181-471D-9965-AE2C896390CA}.Release|x86.Build.0 = Release|Any CPU
		{93017975-F458-4FE4-BA1E-82910815180B}.Debug|Any CPU.ActiveCfg = Debug|x86
		{93017975-F458-4FE4-BA1E-82910815180B}.Debug|ARM.ActiveCfg = Debug|ARM
		{93017975-F458-4FE4-BA1E-82910815180B}.Debug|ARM.Build.0 = Debug|ARM
		{93017975-F458-4FE4-BA1E-82910815180B}.Debug|ARM.Deploy.0 = Debug|ARM
		{93017975-F458-4FE4-BA1E-82910815180B}.Debug|ARM64.ActiveCfg = Debug|ARM64
		{93017975-F458-4FE4-BA1E-82910815180B}.Debug|ARM64.Build.0 = Debug|ARM64
		{93017975-F458-4FE4-BA1E-82910815180B}.Debug|ARM64.Deploy.0 = Debug|ARM64
		{93017975-F458-4FE4-BA1E-82910815180B}.Debug|x64.ActiveCfg = Debug|x64
		{93017975-F458-4FE4-BA1E-82910815180B}.Debug|x64.Build.0 = Debug|x64
		{93017975-F458-4FE4-BA1E-82910815180B}.Debug|x64.Deploy.0 = Debug|x64
		{93017975-F458-4FE4-BA1E-82910815180B}.Debug|x86.ActiveCfg = Debug|x86
		{93017975-F458-4FE4-BA1E-82910815180B}.Debug|x86.Build.0 = Debug|x86
		{93017975-F458-4FE4-BA1E-82910815180B}.Debug|x86.Deploy.0 = Debug|x86
		{93017975-F458-4FE4-BA1E-82910815180B}.Release|Any CPU.ActiveCfg = Release|x86
		{93017975-F458-4FE4-BA1E-82910815180B}.Release|ARM.ActiveCfg = Release|ARM
		{93017975-F458-4FE4-BA1E-82910815180B}.Release|ARM.Build.0 = Release|ARM
		{93017975-F458-4FE4-BA1E-82910815180B}.Release|ARM.Deploy.0 = Release|ARM
		{93017975-F458-4FE4-BA1E-82910815180B}.Release|ARM64.ActiveCfg = Release|ARM64
		{93017975-F458-4FE4-BA1E-82910815180B}.Release|ARM64.Build.0 = Release|ARM64
		{93017975-F458-4FE4-BA1E-82910815180B}.Release|ARM64.Deploy.0 = Release|ARM64
		{93017975-F458-4FE4-BA1E-82910815180B}.Release|x64.ActiveCfg = Release|x64
		{93017975-F458-4FE4-BA1E-82910815180B}.Release|x64.Build.0 = Release|x64
		{93017975-F458-4FE4-BA1E-82910815180B}.Release|x64.Deploy.0 = Release|x64
		{93017975-F458-4FE4-BA1E-82910815180B}.Release|x86.ActiveCfg = Release|x86
		{93017975-F458-4FE4-BA1E-82910815180B}.Release|x86.Build.0 = Release|x86
		{93017975-F458-4FE4-BA1E-82910815180B}.Release|x86.Deploy.0 = Release|x86
		{4A8559E8-544D-4833-BED0-50FCBE45BD86}.Debug|Any CPU.ActiveCfg = Debug|x86
		{4A8559E8-544D-4833-BED0-50FCBE45BD86}.Debug|ARM.ActiveCfg = Debug|ARM
		{4A8559E8-544D-4833-BED0-50FCBE45BD86}.Debug|ARM.Build.0 = Debug|ARM
		{4A8559E8-544D-4833-BED0-50FCBE45BD86}.Debug|ARM.Deploy.0 = Debug|ARM
		{4A8559E8-544D-4833-BED0-50FCBE45BD86}.Debug|ARM64.ActiveCfg = Debug|ARM64
		{4A8559E8-544D-4833-BED0-50FCBE45BD86}.Debug|ARM64.Build.0 = Debug|ARM64
		{4A8559E8-544D-4833-BED0-50FCBE45BD86}.Debug|ARM64.Deploy.0 = Debug|ARM64
		{4A8559E8-544D-4833-BED0-50FCBE45BD86}.Debug|x64.ActiveCfg = Debug|x64
		{4A8559E8-544D-4833-BED0-50FCBE45BD86}.Debug|x64.Build.0 = Debug|x64
		{4A8559E8-544D-4833-BED0-50FCBE45BD86}.Debug|x64.Deploy.0 = Debug|x64
		{4A8559E8-544D-4833-BED0-50FCBE45BD86}.Debug|x86.ActiveCfg = Debug|x86
		{4A8559E8-544D-4833-BED0-50FCBE45BD86}.Debug|x86.Build.0 = Debug|x86
		{4A8559E8-544D-4833-BED0-50FCBE45BD86}.Debug|x86.Deploy.0 = Debug|x86
		{4A8559E8-544D-4833-BED0-50FCBE45BD86}.Release|Any CPU.ActiveCfg = Release|x86
		{4A8559E8-544D-4833-BED0-50FCBE45BD86}.Release|ARM.ActiveCfg = Release|ARM
		{4A8559E8-544D-4833-BED0-50FCBE45BD86}.Release|ARM.Build.0 = Release|ARM
		{4A8559E8-544D-4833-BED0-50FCBE45BD86}.Release|ARM.Deploy.0 = Release|ARM
		{4A8559E8-544D-4833-BED0-50FCBE45BD86}.Release|ARM64.ActiveCfg = Release|ARM64
		{4A8559E8-544D-4833-BED0-50FCBE45BD86}.Release|ARM64.Build.0 = Release|ARM64
		{4A8559E8-544D-4833-BED0-50FCBE45BD86}.Release|ARM64.Deploy.0 = Release|ARM64
		{4A8559E8-544D-4833-BED0-50FCBE45BD86}.Release|x64.ActiveCfg = Release|x64
		{4A8559E8-544D-4833-BED0-50FCBE45BD86}.Release|x64.Build.0 = Release|x64
		{4A8559E8-544D-4833-BED0-50FCBE45BD86}.Release|x64.Deploy.0 = Release|x64
		{4A8559E8-544D-4833-BED0-50FCBE45BD86}.Release|x86.ActiveCfg = Release|x86
		{4A8559E8-544D-4833-BED0-50FCBE45BD86}.Release|x86.Build.0 = Release|x86
		{4A8559E8-544D-4833-BED0-50FCBE45BD86}.Release|x86.Deploy.0 = Release|x86
		{6DED0AEE-027A-4661-A2B1-02AD0D196E64}.Debug|Any CPU.ActiveCfg = Debug|Any CPU
		{6DED0AEE-027A-4661-A2B1-02AD0D196E64}.Debug|Any CPU.Build.0 = Debug|Any CPU
		{6DED0AEE-027A-4661-A2B1-02AD0D196E64}.Debug|ARM.ActiveCfg = Debug|ARM
		{6DED0AEE-027A-4661-A2B1-02AD0D196E64}.Debug|ARM.Build.0 = Debug|ARM
		{6DED0AEE-027A-4661-A2B1-02AD0D196E64}.Debug|ARM64.ActiveCfg = Debug|ARM64
		{6DED0AEE-027A-4661-A2B1-02AD0D196E64}.Debug|ARM64.Build.0 = Debug|ARM64
		{6DED0AEE-027A-4661-A2B1-02AD0D196E64}.Debug|x64.ActiveCfg = Debug|x64
		{6DED0AEE-027A-4661-A2B1-02AD0D196E64}.Debug|x64.Build.0 = Debug|x64
		{6DED0AEE-027A-4661-A2B1-02AD0D196E64}.Debug|x86.ActiveCfg = Debug|x86
		{6DED0AEE-027A-4661-A2B1-02AD0D196E64}.Debug|x86.Build.0 = Debug|x86
		{6DED0AEE-027A-4661-A2B1-02AD0D196E64}.Release|Any CPU.ActiveCfg = Release|Any CPU
		{6DED0AEE-027A-4661-A2B1-02AD0D196E64}.Release|Any CPU.Build.0 = Release|Any CPU
		{6DED0AEE-027A-4661-A2B1-02AD0D196E64}.Release|ARM.ActiveCfg = Release|ARM
		{6DED0AEE-027A-4661-A2B1-02AD0D196E64}.Release|ARM.Build.0 = Release|ARM
		{6DED0AEE-027A-4661-A2B1-02AD0D196E64}.Release|ARM64.ActiveCfg = Release|ARM64
		{6DED0AEE-027A-4661-A2B1-02AD0D196E64}.Release|ARM64.Build.0 = Release|ARM64
		{6DED0AEE-027A-4661-A2B1-02AD0D196E64}.Release|x64.ActiveCfg = Release|x64
		{6DED0AEE-027A-4661-A2B1-02AD0D196E64}.Release|x64.Build.0 = Release|x64
		{6DED0AEE-027A-4661-A2B1-02AD0D196E64}.Release|x86.ActiveCfg = Release|x86
		{6DED0AEE-027A-4661-A2B1-02AD0D196E64}.Release|x86.Build.0 = Release|x86
		{870A0FCB-08A5-4588-AC3B-8F57C0AF3A6C}.Debug|Any CPU.ActiveCfg = Debug|Any CPU
		{870A0FCB-08A5-4588-AC3B-8F57C0AF3A6C}.Debug|Any CPU.Build.0 = Debug|Any CPU
		{870A0FCB-08A5-4588-AC3B-8F57C0AF3A6C}.Debug|ARM.ActiveCfg = Debug|ARM
		{870A0FCB-08A5-4588-AC3B-8F57C0AF3A6C}.Debug|ARM.Build.0 = Debug|ARM
		{870A0FCB-08A5-4588-AC3B-8F57C0AF3A6C}.Debug|ARM64.ActiveCfg = Debug|ARM64
		{870A0FCB-08A5-4588-AC3B-8F57C0AF3A6C}.Debug|ARM64.Build.0 = Debug|ARM64
		{870A0FCB-08A5-4588-AC3B-8F57C0AF3A6C}.Debug|x64.ActiveCfg = Debug|x64
		{870A0FCB-08A5-4588-AC3B-8F57C0AF3A6C}.Debug|x64.Build.0 = Debug|x64
		{870A0FCB-08A5-4588-AC3B-8F57C0AF3A6C}.Debug|x86.ActiveCfg = Debug|x86
		{870A0FCB-08A5-4588-AC3B-8F57C0AF3A6C}.Debug|x86.Build.0 = Debug|x86
		{870A0FCB-08A5-4588-AC3B-8F57C0AF3A6C}.Release|Any CPU.ActiveCfg = Release|Any CPU
		{870A0FCB-08A5-4588-AC3B-8F57C0AF3A6C}.Release|Any CPU.Build.0 = Release|Any CPU
		{870A0FCB-08A5-4588-AC3B-8F57C0AF3A6C}.Release|ARM.ActiveCfg = Release|ARM
		{870A0FCB-08A5-4588-AC3B-8F57C0AF3A6C}.Release|ARM.Build.0 = Release|ARM
		{870A0FCB-08A5-4588-AC3B-8F57C0AF3A6C}.Release|ARM64.ActiveCfg = Release|ARM64
		{870A0FCB-08A5-4588-AC3B-8F57C0AF3A6C}.Release|ARM64.Build.0 = Release|ARM64
		{870A0FCB-08A5-4588-AC3B-8F57C0AF3A6C}.Release|x64.ActiveCfg = Release|x64
		{870A0FCB-08A5-4588-AC3B-8F57C0AF3A6C}.Release|x64.Build.0 = Release|x64
		{870A0FCB-08A5-4588-AC3B-8F57C0AF3A6C}.Release|x86.ActiveCfg = Release|x86
		{870A0FCB-08A5-4588-AC3B-8F57C0AF3A6C}.Release|x86.Build.0 = Release|x86
	EndGlobalSection
	GlobalSection(SolutionProperties) = preSolution
		HideSolutionNode = FALSE
	EndGlobalSection
	GlobalSection(NestedProjects) = preSolution
		{EA6A4DF1-2181-471D-9965-AE2C896390CA} = {3CE92C79-62AB-4A15-A325-CADC2761CC6B}
		{93017975-F458-4FE4-BA1E-82910815180B} = {3CE92C79-62AB-4A15-A325-CADC2761CC6B}
		{4A8559E8-544D-4833-BED0-50FCBE45BD86} = {3CE92C79-62AB-4A15-A325-CADC2761CC6B}
	EndGlobalSection
	GlobalSection(ExtensibilityGlobals) = postSolution
		SolutionGuid = {F409DF7F-E0F0-49D7-84CD-05B60837124C}
	EndGlobalSection
EndGlobal
